Microsoft Visual Studio Solution File, Format Version 12.00
# Visual Studio 2012
Project("{FAE04EC0-301F-11D3-BF4B-00C04F79EFBC}") = "fluid_sim", "fluid_sim.csproj", "{ADA4D77A-D923-490E-86D6-CA04325F3F98}"
EndProject
Global
	GlobalSection(SolutionConfigurationPlatforms) = preSolution
	Debug|Any CPU = Debug|Any CPU
	ExportDebug|Any CPU = ExportDebug|Any CPU
	ExportRelease|Any CPU = ExportRelease|Any CPU
	EndGlobalSection
	GlobalSection(ProjectConfigurationPlatforms) = postSolution
		{ADA4D77A-D923-490E-86D6-CA04325F3F98}.Debug|Any CPU.ActiveCfg = Debug|Any CPU
		{ADA4D77A-D923-490E-86D6-CA04325F3F98}.Debug|Any CPU.Build.0 = Debug|Any CPU
		{ADA4D77A-D923-490E-86D6-CA04325F3F98}.ExportDebug|Any CPU.ActiveCfg = ExportDebug|Any CPU
		{ADA4D77A-D923-490E-86D6-CA04325F3F98}.ExportDebug|Any CPU.Build.0 = ExportDebug|Any CPU
		{ADA4D77A-D923-490E-86D6-CA04325F3F98}.ExportRelease|Any CPU.ActiveCfg = ExportRelease|Any CPU
		{ADA4D77A-D923-490E-86D6-CA04325F3F98}.ExportRelease|Any CPU.Build.0 = ExportRelease|Any CPU
	EndGlobalSection
EndGlobal
